{
    "_meta": {
        "hash": {
            "sha256": "8cd647617a6069446e24023512a40b8aa6ff777f302781a41937668f35a216d6"
        },
        "pipfile-spec": 6,
        "requires": {
            "python_version": "3.13"
        },
        "sources": [
            {
                "name": "pypi",
                "url": "https://pypi.org/simple",
                "verify_ssl": true
            }
        ]
    },
    "default": {},
    "develop": {}
}
